
Microsoft Visual Studio Solution File, Format Version 12.00
# Visual Studio 14
VisualStudioVersion = 14.0.25420.1
MinimumVisualStudioVersion = 10.0.40219.1
Project("{FAE04EC0-301F-11D3-BF4B-00C04F79EFBC}") = "HomeworkDefineClass1", "HomeworkDefineClass1\HomeworkDefineClass1.csproj", "{CC0703D7-EE8E-4CEE-AC52-01621EAE7C8C}"
EndProject
Project("{FAE04EC0-301F-11D3-BF4B-00C04F79EFBC}") = "PrimeNumbers", "PrimeNumbers\PrimeNumbers.csproj", "{2A7D9813-C081-4022-B73C-2086540C4538}"
EndProject
Global
	GlobalSection(SolutionConfigurationPlatforms) = preSolution
		Debug|Any CPU = Debug|Any CPU
		Release|Any CPU = Release|Any CPU
	EndGlobalSection
	GlobalSection(ProjectConfigurationPlatforms) = postSolution
		{CC0703D7-EE8E-4CEE-AC52-01621EAE7C8C}.Debug|Any CPU.ActiveCfg = Debug|Any CPU
		{CC0703D7-EE8E-4CEE-AC52-01621EAE7C8C}.Debug|Any CPU.Build.0 = Debug|Any CPU
		{CC0703D7-EE8E-4CEE-AC52-01621EAE7C8C}.Release|Any CPU.ActiveCfg = Release|Any CPU
		{CC0703D7-EE8E-4CEE-AC52-01621EAE7C8C}.Release|Any CPU.Build.0 = Release|Any CPU
		{2A7D9813-C081-4022-B73C-2086540C4538}.Debug|Any CPU.ActiveCfg = Debug|Any CPU
		{2A7D9813-C081-4022-B73C-2086540C4538}.Debug|Any CPU.Build.0 = Debug|Any CPU
		{2A7D9813-C081-4022-B73C-2086540C4538}.Release|Any CPU.ActiveCfg = Release|Any CPU
		{2A7D9813-C081-4022-B73C-2086540C4538}.Release|Any CPU.Build.0 = Release|Any CPU
	EndGlobalSection
	GlobalSection(SolutionProperties) = preSolution
		HideSolutionNode = FALSE
	EndGlobalSection
EndGlobal
